
Microsoft Visual Studio Solution File, Format Version 12.00
# Visual Studio Version 16
VisualStudioVersion = 16.0.31129.286
MinimumVisualStudioVersion = 10.0.40219.1
Project("{FAE04EC0-301F-11D3-BF4B-00C04F79EFBC}") = "SongService", "SongService\SongService.csproj", "{73D4E82E-52A6-4C24-B02E-800D8B0AC0F9}"
EndProject
Project("{FAE04EC0-301F-11D3-BF4B-00C04F79EFBC}") = "SongClient", "..\..\Lab2\Linq\SongClient\SongClient.csproj", "{0BB90AFA-3AC8-452A-B2F6-A080698C252C}"
EndProject
Project("{FAE04EC0-301F-11D3-BF4B-00C04F79EFBC}") = "SongShared", "SongShared\SongShared.csproj", "{7273A322-AE9E-44CC-B176-9F7153C736FA}"
EndProject
Global
	GlobalSection(SolutionConfigurationPlatforms) = preSolution
		Debug|Any CPU = Debug|Any CPU
		Release|Any CPU = Release|Any CPU
	EndGlobalSection
	GlobalSection(ProjectConfigurationPlatforms) = postSolution
		{73D4E82E-52A6-4C24-B02E-800D8B0AC0F9}.Debug|Any CPU.ActiveCfg = Debug|Any CPU
		{73D4E82E-52A6-4C24-B02E-800D8B0AC0F9}.Debug|Any CPU.Build.0 = Debug|Any CPU
		{73D4E82E-52A6-4C24-B02E-800D8B0AC0F9}.Release|Any CPU.ActiveCfg = Release|Any CPU
		{73D4E82E-52A6-4C24-B02E-800D8B0AC0F9}.Release|Any CPU.Build.0 = Release|Any CPU
		{0BB90AFA-3AC8-452A-B2F6-A080698C252C}.Debug|Any CPU.ActiveCfg = Debug|Any CPU
		{0BB90AFA-3AC8-452A-B2F6-A080698C252C}.Debug|Any CPU.Build.0 = Debug|Any CPU
		{0BB90AFA-3AC8-452A-B2F6-A080698C252C}.Release|Any CPU.ActiveCfg = Release|Any CPU
		{0BB90AFA-3AC8-452A-B2F6-A080698C252C}.Release|Any CPU.Build.0 = Release|Any CPU
		{7273A322-AE9E-44CC-B176-9F7153C736FA}.Debug|Any CPU.ActiveCfg = Debug|Any CPU
		{7273A322-AE9E-44CC-B176-9F7153C736FA}.Debug|Any CPU.Build.0 = Debug|Any CPU
		{7273A322-AE9E-44CC-B176-9F7153C736FA}.Release|Any CPU.ActiveCfg = Release|Any CPU
		{7273A322-AE9E-44CC-B176-9F7153C736FA}.Release|Any CPU.Build.0 = Release|Any CPU
	EndGlobalSection
	GlobalSection(SolutionProperties) = preSolution
		HideSolutionNode = FALSE
	EndGlobalSection
	GlobalSection(ExtensibilityGlobals) = postSolution
		SolutionGuid = {4DC7EBEA-4FD1-4177-9A25-5C44AFB4F483}
	EndGlobalSection
EndGlobal
